
Microsoft Visual Studio Solution File, Format Version 12.00
# Visual Studio Version 16
VisualStudioVersion = 16.0.30517.126
MinimumVisualStudioVersion = 10.0.40219.1
Project("{FAE04EC0-301F-11D3-BF4B-00C04F79EFBC}") = "RealTimeMessaging.WebApplication", "RealTimeMessaging.WebApplication\RealTimeMessaging.WebApplication.csproj", "{78AF32B7-CDCA-42F5-A4A9-5C1109579D15}"
EndProject
Project("{FAE04EC0-301F-11D3-BF4B-00C04F79EFBC}") = "RealTimeMessaging.Orchestrator", "RealTimeMessaging.Orchestrator\RealTimeMessaging.Orchestrator.csproj", "{75F0022C-1C1C-46CF-A7C2-3CDC13857630}"
EndProject
Global
	GlobalSection(SolutionConfigurationPlatforms) = preSolution
		Debug|Any CPU = Debug|Any CPU
		Release|Any CPU = Release|Any CPU
	EndGlobalSection
	GlobalSection(ProjectConfigurationPlatforms) = postSolution
		{78AF32B7-CDCA-42F5-A4A9-5C1109579D15}.Debug|Any CPU.ActiveCfg = Debug|Any CPU
		{78AF32B7-CDCA-42F5-A4A9-5C1109579D15}.Debug|Any CPU.Build.0 = Debug|Any CPU
		{78AF32B7-CDCA-42F5-A4A9-5C1109579D15}.Release|Any CPU.ActiveCfg = Release|Any CPU
		{78AF32B7-CDCA-42F5-A4A9-5C1109579D15}.Release|Any CPU.Build.0 = Release|Any CPU
		{75F0022C-1C1C-46CF-A7C2-3CDC13857630}.Debug|Any CPU.ActiveCfg = Debug|Any CPU
		{75F0022C-1C1C-46CF-A7C2-3CDC13857630}.Debug|Any CPU.Build.0 = Debug|Any CPU
		{75F0022C-1C1C-46CF-A7C2-3CDC13857630}.Release|Any CPU.ActiveCfg = Release|Any CPU
		{75F0022C-1C1C-46CF-A7C2-3CDC13857630}.Release|Any CPU.Build.0 = Release|Any CPU
	EndGlobalSection
	GlobalSection(SolutionProperties) = preSolution
		HideSolutionNode = FALSE
	EndGlobalSection
	GlobalSection(ExtensibilityGlobals) = postSolution
		SolutionGuid = {8B901A96-434B-4D07-AE37-E871028F914B}
	EndGlobalSection
EndGlobal
